// !$*UTF8*$!
{
	archiveVersion = 1;
	classes = {
	};
	objectVersion = 46;
	objects = {

/* Begin PBXBuildFile section */
		1E5A9D6B1D947B9400DEE317 /* AppDelegate.swift in Sources */ = {isa = PBXBuildFile; fileRef = 1E5A9D6A1D947B9400DEE317 /* AppDelegate.swift */; };
		1E5A9D6D1D947B9400DEE317 /* ViewController.swift in Sources */ = {isa = PBXBuildFile; fileRef = 1E5A9D6C1D947B9400DEE317 /* ViewController.swift */; };
		1E5A9D701D947B9400DEE317 /* Main.storyboard in Resources */ = {isa = PBXBuildFile; fileRef = 1E5A9D6E1D947B9400DEE317 /* Main.storyboard */; };
		1E5A9D721D947B9400DEE317 /* Assets.xcassets in Resources */ = {isa = PBXBuildFile; fileRef = 1E5A9D711D947B9400DEE317 /* Assets.xcassets */; };
		1E5A9D751D947B9400DEE317 /* LaunchScreen.storyboard in Resources */ = {isa = PBXBuildFile; fileRef = 1E5A9D731D947B9400DEE317 /* LaunchScreen.storyboard */; };
		1E5A9D7D1D94C9FA00DEE317 /* Script.swift in Sources */ = {isa = PBXBuildFile; fileRef = 1E5A9D7C1D94C9FA00DEE317 /* Script.swift */; };
/* End PBXBuildFile section */

/* Begin PBXFileReference section */
		1E5A9D671D947B9400DEE317 /* Unit2MidunitAssessment.app */ = {isa = PBXFileReference; explicitFileType = wrapper.application; includeInIndex = 0; path = Unit2MidunitAssessment.app; sourceTree = BUILT_PRODUCTS_DIR; };
		1E5A9D6A1D947B9400DEE317 /* AppDelegate.swift */ = {isa = PBXFileReference; lastKnownFileType = sourcecode.swift; path = AppDelegate.swift; sourceTree = "<group>"; };
		1E5A9D6C1D947B9400DEE317 /* ViewController.swift */ = {isa = PBXFileReference; lastKnownFileType = sourcecode.swift; path = ViewController.swift; sourceTree = "<group>"; };
		1E5A9D6F1D947B9400DEE317 /* Base */ = {isa = PBXFileReference; lastKnownFileType = file.storyboard; name = Base; path = Base.lproj/Main.storyboard; sourceTree = "<group>"; };
		1E5A9D711D947B9400DEE317 /* Assets.xcassets */ = {isa = PBXFileReference; lastKnownFileType = folder.assetcatalog; path = Assets.xcassets; sourceTree = "<group>"; };
		1E5A9D741D947B9400DEE317 /* Base */ = {isa = PBXFileReference; lastKnownFileType = file.storyboard; name = Base; path = Base.lproj/LaunchScreen.storyboard; sourceTree = "<group>"; };
		1E5A9D761D947B9400DEE317 /* Info.plist */ = {isa = PBXFileReference; lastKnownFileType = text.plist.xml; path = Info.plist; sourceTree = "<group>"; };
		1E5A9D7C1D94C9FA00DEE317 /* Script.swift */ = {isa = PBXFileReference; fileEncoding = 4; lastKnownFileType = sourcecode.swift; path = Script.swift; sourceTree = "<group>"; };
/* End PBXFileReference section */

/* Begin PBXFrameworksBuildPhase section */
		1E5A9D641D947B9400DEE317 /* Frameworks */ = {
			isa = PBXFrameworksBuildPhase;
			buildActionMask = 2147483647;
			files = (
			);
			runOnlyForDeploymentPostprocessing = 0;
		};
/* End PBXFrameworksBuildPhase section */

/* Begin PBXGroup section */
		1E5A9D5E1D947B9400DEE317 = {
			isa = PBXGroup;
			children = (
				1E5A9D691D947B9400DEE317 /* Unit2MidunitAssessment */,
				1E5A9D681D947B9400DEE317 /* Products */,
			);
			sourceTree = "<group>";
		};
		1E5A9D681D947B9400DEE317 /* Products */ = {
			isa = PBXGroup;
			children = (
				1E5A9D671D947B9400DEE317 /* Unit2MidunitAssessment.app */,
			);
			name = Products;
			sourceTree = "<group>";
		};
		1E5A9D691D947B9400DEE317 /* Unit2MidunitAssessment */ = {
			isa = PBXGroup;
			children = (
				1E5A9D6A1D947B9400DEE317 /* AppDelegate.swift */,
				1E5A9D6C1D947B9400DEE317 /* ViewController.swift */,
				1E5A9D6E1D947B9400DEE317 /* Main.storyboard */,
				1E5A9D711D947B9400DEE317 /* Assets.xcassets */,
				1E5A9D731D947B9400DEE317 /* LaunchScreen.storyboard */,
				1E5A9D761D947B9400DEE317 /* Info.plist */,
				1E5A9D7C1D94C9FA00DEE317 /* Script.swift */,
			);
			path = Unit2MidunitAssessment;
			sourceTree = "<group>";
		};
/* End PBXGroup section */

/* Begin PBXNativeTarget section */
		1E5A9D661D947B9400DEE317 /* Unit2MidunitAssessment */ = {
			isa = PBXNativeTarget;
			buildConfigurationList = 1E5A9D791D947B9400DEE317 /* Build configuration list for PBXNativeTarget "Unit2MidunitAssessment" */;
			buildPhases = (
				1E5A9D631D947B9400DEE317 /* Sources */,
				1E5A9D641D947B9400DEE317 /* Frameworks */,
				1E5A9D651D947B9400DEE317 /* Resources */,
			);
			buildRules = (
			);
			dependencies = (
			);
			name = Unit2MidunitAssessment;
			productName = Unit2MidunitAssessment;
			productReference = 1E5A9D671D947B9400DEE317 /* Unit2MidunitAssessment.app */;
			productType = "com.apple.product-type.application";
		};
/* End PBXNativeTarget section */

/* Begin PBXProject section */
		1E5A9D5F1D947B9400DEE317 /* Project object */ = {
			isa = PBXProject;
			attributes = {
				LastSwiftUpdateCheck = 0800;
				LastUpgradeCheck = 0800;
				ORGANIZATIONNAME = C4Q;
				TargetAttributes = {
					1E5A9D661D947B9400DEE317 = {
						CreatedOnToolsVersion = 8.0;
						ProvisioningStyle = Automatic;
					};
				};
			};
			buildConfigurationList = 1E5A9D621D947B9400DEE317 /* Build configuration list for PBXProject "Unit2MidunitAssessment" */;
			compatibilityVersion = "Xcode 3.2";
			developmentRegion = English;
			hasScannedForEncodings = 0;
			knownRegions = (
				en,
				Base,
			);
			mainGroup = 1E5A9D5E1D947B9400DEE317;
			productRefGroup = 1E5A9D681D947B9400DEE317 /* Products */;
			projectDirPath = "";
			projectRoot = "";
			targets = (
				1E5A9D661D947B9400DEE317 /* Unit2MidunitAssessment */,
			);
		};
/* End PBXProject section */

/* Begin PBXResourcesBuildPhase section */
		1E5A9D651D947B9400DEE317 /* Resources */ = {
			isa = PBXResourcesBuildPhase;
			buildActionMask = 2147483647;
			files = (
				1E5A9D751D947B9400DEE317 /* LaunchScreen.storyboard in Resources */,
				1E5A9D721D947B9400DEE317 /* Assets.xcassets in Resources */,
				1E5A9D701D947B9400DEE317 /* Main.storyboard in Resources */,
			);
			runOnlyForDeploymentPostprocessing = 0;
		};
/* End PBXResourcesBuildPhase section */

/* Begin PBXSourcesBuildPhase section */
		1E5A9D631D947B9400DEE317 /* Sources */ = {
			isa = PBXSourcesBuildPhase;
			buildActionMask = 2147483647;
			files = (
				1E5A9D7D1D94C9FA00DEE317 /* Script.swift in Sources */,
				1E5A9D6D1D947B9400DEE317 /* ViewController.swift in Sources */,
				1E5A9D6B1D947B9400DEE317 /* AppDelegate.swift in Sources */,
			);
			runOnlyForDeploymentPostprocessing = 0;
		};
/* End PBXSourcesBuildPhase section */

/* Begin PBXVariantGroup section */
		1E5A9D6E1D947B9400DEE317 /* Main.storyboard */ = {
			isa = PBXVariantGroup;
			children = (
				1E5A9D6F1D947B9400DEE317 /* Base */,
			);
			name = Main.storyboard;
			sourceTree = "<group>";
		};
		1E5A9D731D947B9400DEE317 /* LaunchScreen.storyboard */ = {
			isa = PBXVariantGroup;
			children = (
				1E5A9D741D947B9400DEE317 /* Base */,
			);
			name = LaunchScreen.storyboard;
			sourceTree = "<group>";
		};
/* End PBXVariantGroup section */

/* Begin XCBuildConfiguration section */
		1E5A9D771D947B9400DEE317 /* Debug */ = {
			isa = XCBuildConfiguration;
			buildSettings = {
				ALWAYS_SEARCH_USER_PATHS = NO;
				CLANG_ANALYZER_NONNULL = YES;
				CLANG_CXX_LANGUAGE_STANDARD = "gnu++0x";
				CLANG_CXX_LIBRARY = "libc++";
				CLANG_ENABLE_MODULES = YES;
				CLANG_ENABLE_OBJC_ARC = YES;
				CLANG_WARN_BOOL_CONVERSION = YES;
				CLANG_WARN_CONSTANT_CONVERSION = YES;
				CLANG_WARN_DIRECT_OBJC_ISA_USAGE = YES_ERROR;
				CLANG_WARN_DOCUMENTATION_COMMENTS = YES;
				CLANG_WARN_EMPTY_BODY = YES;
				CLANG_WARN_ENUM_CONVERSION = YES;
				CLANG_WARN_INFINITE_RECURSION = YES;
				CLANG_WARN_INT_CONVERSION = YES;
				CLANG_WARN_OBJC_ROOT_CLASS = YES_ERROR;
				CLANG_WARN_SUSPICIOUS_MOVES = YES;
				CLANG_WARN_UNREACHABLE_CODE = YES;
				CLANG_WARN__DUPLICATE_METHOD_MATCH = YES;
				"CODE_SIGN_IDENTITY[sdk=iphoneos*]" = "iPhone Developer";
				COPY_PHASE_STRIP = NO;
				DEBUG_INFORMATION_FORMAT = dwarf;
				ENABLE_STRICT_OBJC_MSGSEND = YES;
				ENABLE_TESTABILITY = YES;
				GCC_C_LANGUAGE_STANDARD = gnu99;
				GCC_DYNAMIC_NO_PIC = NO;
				GCC_NO_COMMON_BLOCKS = YES;
				GCC_OPTIMIZATION_LEVEL = 0;
				GCC_PREPROCESSOR_DEFINITIONS = (
					"DEBUG=1",
					"$(inherited)",
				);
				GCC_WARN_64_TO_32_BIT_CONVERSION = YES;
				GCC_WARN_ABOUT_RETURN_TYPE = YES_ERROR;
				GCC_WARN_UNDECLARED_SELECTOR = YES;
				GCC_WARN_UNINITIALIZED_AUTOS = YES_AGGRESSIVE;
				GCC_WARN_UNUSED_FUNCTION = YES;
				GCC_WARN_UNUSED_VARIABLE = YES;
				IPHONEOS_DEPLOYMENT_TARGET = 10.0;
				MTL_ENABLE_DEBUG_INFO = YES;
				ONLY_ACTIVE_ARCH = YES;
				SDKROOT = iphoneos;
				SWIFT_ACTIVE_COMPILATION_CONDITIONS = DEBUG;
				SWIFT_OPTIMIZATION_LEVEL = "-Onone";
				TARGETED_DEVICE_FAMILY = "1,2";
			};
			name = Debug;
		};
		1E5A9D781D947B9400DEE317 /* Release */ = {
			isa = XCBuildConfiguration;
			buildSettings = {
				ALWAYS_SEARCH_USER_PATHS = NO;
				CLANG_ANALYZER_NONNULL = YES;
				CLANG_CXX_LANGUAGE_STANDARD = "gnu++0x";
				CLANG_CXX_LIBRARY = "libc++";
				CLANG_ENABLE_MODULES = YES;
				CLANG_ENABLE_OBJC_ARC = YES;
				CLANG_WARN_BOOL_CONVERSION = YES;
				CLANG_WARN_CONSTANT_CONVERSION = YES;
				CLANG_WARN_DIRECT_OBJC_ISA_USAGE = YES_ERROR;
				CLANG_WARN_DOCUMENTATION_COMMENTS = YES;
				CLANG_WARN_EMPTY_BODY = YES;
				CLANG_WARN_ENUM_CONVERSION = YES;
				CLANG_WARN_INFINITE_RECURSION = YES;
				CLANG_WARN_INT_CONVERSION = YES;
				CLANG_WARN_OBJC_ROOT_CLASS = YES_ERROR;
				CLANG_WARN_SUSPICIOUS_MOVES = YES;
				CLANG_WARN_UNREACHABLE_CODE = YES;
				CLANG_WARN__DUPLICATE_METHOD_MATCH = YES;
				"CODE_SIGN_IDENTITY[sdk=iphoneos*]" = "iPhone Developer";
				COPY_PHASE_STRIP = NO;
				DEBUG_INFORMATION_FORMAT = "dwarf-with-dsym";
				ENABLE_NS_ASSERTIONS = NO;
				ENABLE_STRICT_OBJC_MSGSEND = YES;
				GCC_C_LANGUAGE_STANDARD = gnu99;
				GCC_NO_COMMON_BLOCKS = YES;
				GCC_WARN_64_TO_32_BIT_CONVERSION = YES;
				GCC_WARN_ABOUT_RETURN_TYPE = YES_ERROR;
				GCC_WARN_UNDECLARED_SELECTOR = YES;
				GCC_WARN_UNINITIALIZED_AUTOS = YES_AGGRESSIVE;
				GCC_WARN_UNUSED_FUNCTION = YES;
				GCC_WARN_UNUSED_VARIABLE = YES;
				IPHONEOS_DEPLOYMENT_TARGET = 10.0;
				MTL_ENABLE_DEBUG_INFO = NO;
				SDKROOT = iphoneos;
				SWIFT_OPTIMIZATION_LEVEL = "-Owholemodule";
				TARGETED_DEVICE_FAMILY = "1,2";
				VALIDATE_PRODUCT = YES;
			};
			name = Release;
		};
		1E5A9D7A1D947B9400DEE317 /* Debug */ = {
			isa = XCBuildConfiguration;
			buildSettings = {
				ASSETCATALOG_COMPILER_APPICON_NAME = AppIcon;
				INFOPLIST_FILE = Unit2MidunitAssessment/Info.plist;
				LD_RUNPATH_SEARCH_PATHS = "$(inherited) @executable_path/Frameworks";
				PRODUCT_BUNDLE_IDENTIFIER = nyc.c4q.jasongresh.Unit2MidunitAssessment;
				PRODUCT_NAME = "$(TARGET_NAME)";
				SWIFT_VERSION = 3.0;
			};
			name = Debug;
		};
		1E5A9D7B1D947B9400DEE317 /* Release */ = {
			isa = XCBuildConfiguration;
			buildSettings = {
				ASSETCATALOG_COMPILER_APPICON_NAME = AppIcon;
				INFOPLIST_FILE = Unit2MidunitAssessment/Info.plist;
				LD_RUNPATH_SEARCH_PATHS = "$(inherited) @executable_path/Frameworks";
				PRODUCT_BUNDLE_IDENTIFIER = nyc.c4q.jasongresh.Unit2MidunitAssessment;
				PRODUCT_NAME = "$(TARGET_NAME)";
				SWIFT_VERSION = 3.0;
			};
			name = Release;
		};
/* End XCBuildConfiguration section */

/* Begin XCConfigurationList section */
		1E5A9D621D947B9400DEE317 /* Build configuration list for PBXProject "Unit2MidunitAssessment" */ = {
			isa = XCConfigurationList;
			buildConfigurations = (
				1E5A9D771D947B9400DEE317 /* Debug */,
				1E5A9D781D947B9400DEE317 /* Release */,
			);
			defaultConfigurationIsVisible = 0;
			defaultConfigurationName = Release;
		};
		1E5A9D791D947B9400DEE317 /* Build configuration list for PBXNativeTarget "Unit2MidunitAssessment" */ = {
			isa = XCConfigurationList;
			buildConfigurations = (
				1E5A9D7A1D947B9400DEE317 /* Debug */,
				1E5A9D7B1D947B9400DEE317 /* Release */,
			);
			defaultConfigurationIsVisible = 0;
		};
/* End XCConfigurationList section */
	};
	rootObject = 1E5A9D5F1D947B9400DEE317 /* Project object */;
}
