// !$*UTF8*$!
{
	archiveVersion = 1;
	classes = {
	};
	objectVersion = 46;
	objects = {

/* Begin PBXBuildFile section */
		CCF1D5011D9578AE00237A96 /* AppDelegate.swift in Sources */ = {isa = PBXBuildFile; fileRef = CCF1D5001D9578AE00237A96 /* AppDelegate.swift */; };
		CCF1D5031D9578AE00237A96 /* ViewController.swift in Sources */ = {isa = PBXBuildFile; fileRef = CCF1D5021D9578AE00237A96 /* ViewController.swift */; };
		CCF1D5061D9578AE00237A96 /* Main.storyboard in Resources */ = {isa = PBXBuildFile; fileRef = CCF1D5041D9578AE00237A96 /* Main.storyboard */; };
		CCF1D5081D9578AE00237A96 /* Assets.xcassets in Resources */ = {isa = PBXBuildFile; fileRef = CCF1D5071D9578AE00237A96 /* Assets.xcassets */; };
		CCF1D50B1D9578AE00237A96 /* LaunchScreen.storyboard in Resources */ = {isa = PBXBuildFile; fileRef = CCF1D5091D9578AE00237A96 /* LaunchScreen.storyboard */; };
		CCF1D5131D9583F400237A96 /* Script.swift in Sources */ = {isa = PBXBuildFile; fileRef = CCF1D5121D9583F400237A96 /* Script.swift */; };
/* End PBXBuildFile section */

/* Begin PBXFileReference section */
		CCF1D4FD1D9578AE00237A96 /* AC3.2Unit2MidunitAssessment.app */ = {isa = PBXFileReference; explicitFileType = wrapper.application; includeInIndex = 0; path = AC3.2Unit2MidunitAssessment.app; sourceTree = BUILT_PRODUCTS_DIR; };
		CCF1D5001D9578AE00237A96 /* AppDelegate.swift */ = {isa = PBXFileReference; lastKnownFileType = sourcecode.swift; path = AppDelegate.swift; sourceTree = "<group>"; };
		CCF1D5021D9578AE00237A96 /* ViewController.swift */ = {isa = PBXFileReference; lastKnownFileType = sourcecode.swift; path = ViewController.swift; sourceTree = "<group>"; };
		CCF1D5051D9578AE00237A96 /* Base */ = {isa = PBXFileReference; lastKnownFileType = file.storyboard; name = Base; path = Base.lproj/Main.storyboard; sourceTree = "<group>"; };
		CCF1D5071D9578AE00237A96 /* Assets.xcassets */ = {isa = PBXFileReference; lastKnownFileType = folder.assetcatalog; path = Assets.xcassets; sourceTree = "<group>"; };
		CCF1D50A1D9578AE00237A96 /* Base */ = {isa = PBXFileReference; lastKnownFileType = file.storyboard; name = Base; path = Base.lproj/LaunchScreen.storyboard; sourceTree = "<group>"; };
		CCF1D50C1D9578AE00237A96 /* Info.plist */ = {isa = PBXFileReference; lastKnownFileType = text.plist.xml; path = Info.plist; sourceTree = "<group>"; };
		CCF1D5121D9583F400237A96 /* Script.swift */ = {isa = PBXFileReference; fileEncoding = 4; lastKnownFileType = sourcecode.swift; name = Script.swift; path = ../Script.swift; sourceTree = "<group>"; };
/* End PBXFileReference section */

/* Begin PBXFrameworksBuildPhase section */
		CCF1D4FA1D9578AE00237A96 /* Frameworks */ = {
			isa = PBXFrameworksBuildPhase;
			buildActionMask = 2147483647;
			files = (
			);
			runOnlyForDeploymentPostprocessing = 0;
		};
/* End PBXFrameworksBuildPhase section */

/* Begin PBXGroup section */
		CCF1D4F41D9578AE00237A96 = {
			isa = PBXGroup;
			children = (
				CCF1D4FF1D9578AE00237A96 /* AC3.2Unit2MidunitAssessment */,
				CCF1D4FE1D9578AE00237A96 /* Products */,
			);
			sourceTree = "<group>";
		};
		CCF1D4FE1D9578AE00237A96 /* Products */ = {
			isa = PBXGroup;
			children = (
				CCF1D4FD1D9578AE00237A96 /* AC3.2Unit2MidunitAssessment.app */,
			);
			name = Products;
			sourceTree = "<group>";
		};
		CCF1D4FF1D9578AE00237A96 /* AC3.2Unit2MidunitAssessment */ = {
			isa = PBXGroup;
			children = (
				CCF1D5001D9578AE00237A96 /* AppDelegate.swift */,
				CCF1D5021D9578AE00237A96 /* ViewController.swift */,
				CCF1D5041D9578AE00237A96 /* Main.storyboard */,
				CCF1D5121D9583F400237A96 /* Script.swift */,
				CCF1D5071D9578AE00237A96 /* Assets.xcassets */,
				CCF1D5091D9578AE00237A96 /* LaunchScreen.storyboard */,
				CCF1D50C1D9578AE00237A96 /* Info.plist */,
			);
			path = AC3.2Unit2MidunitAssessment;
			sourceTree = "<group>";
		};
/* End PBXGroup section */

/* Begin PBXNativeTarget section */
		CCF1D4FC1D9578AE00237A96 /* AC3.2Unit2MidunitAssessment */ = {
			isa = PBXNativeTarget;
			buildConfigurationList = CCF1D50F1D9578AE00237A96 /* Build configuration list for PBXNativeTarget "AC3.2Unit2MidunitAssessment" */;
			buildPhases = (
				CCF1D4F91D9578AE00237A96 /* Sources */,
				CCF1D4FA1D9578AE00237A96 /* Frameworks */,
				CCF1D4FB1D9578AE00237A96 /* Resources */,
			);
			buildRules = (
			);
			dependencies = (
			);
			name = AC3.2Unit2MidunitAssessment;
			productName = AC3.2Unit2MidunitAssessment;
			productReference = CCF1D4FD1D9578AE00237A96 /* AC3.2Unit2MidunitAssessment.app */;
			productType = "com.apple.product-type.application";
		};
/* End PBXNativeTarget section */

/* Begin PBXProject section */
		CCF1D4F51D9578AE00237A96 /* Project object */ = {
			isa = PBXProject;
			attributes = {
				LastSwiftUpdateCheck = 0800;
				LastUpgradeCheck = 0800;
				ORGANIZATIONNAME = "Eashir Arafat";
				TargetAttributes = {
					CCF1D4FC1D9578AE00237A96 = {
						CreatedOnToolsVersion = 8.0;
						ProvisioningStyle = Automatic;
					};
				};
			};
			buildConfigurationList = CCF1D4F81D9578AE00237A96 /* Build configuration list for PBXProject "AC3.2Unit2MidunitAssessment" */;
			compatibilityVersion = "Xcode 3.2";
			developmentRegion = English;
			hasScannedForEncodings = 0;
			knownRegions = (
				en,
				Base,
			);
			mainGroup = CCF1D4F41D9578AE00237A96;
			productRefGroup = CCF1D4FE1D9578AE00237A96 /* Products */;
			projectDirPath = "";
			projectRoot = "";
			targets = (
				CCF1D4FC1D9578AE00237A96 /* AC3.2Unit2MidunitAssessment */,
			);
		};
/* End PBXProject section */

/* Begin PBXResourcesBuildPhase section */
		CCF1D4FB1D9578AE00237A96 /* Resources */ = {
			isa = PBXResourcesBuildPhase;
			buildActionMask = 2147483647;
			files = (
				CCF1D50B1D9578AE00237A96 /* LaunchScreen.storyboard in Resources */,
				CCF1D5081D9578AE00237A96 /* Assets.xcassets in Resources */,
				CCF1D5061D9578AE00237A96 /* Main.storyboard in Resources */,
			);
			runOnlyForDeploymentPostprocessing = 0;
		};
/* End PBXResourcesBuildPhase section */

/* Begin PBXSourcesBuildPhase section */
		CCF1D4F91D9578AE00237A96 /* Sources */ = {
			isa = PBXSourcesBuildPhase;
			buildActionMask = 2147483647;
			files = (
				CCF1D5031D9578AE00237A96 /* ViewController.swift in Sources */,
				CCF1D5131D9583F400237A96 /* Script.swift in Sources */,
				CCF1D5011D9578AE00237A96 /* AppDelegate.swift in Sources */,
			);
			runOnlyForDeploymentPostprocessing = 0;
		};
/* End PBXSourcesBuildPhase section */

/* Begin PBXVariantGroup section */
		CCF1D5041D9578AE00237A96 /* Main.storyboard */ = {
			isa = PBXVariantGroup;
			children = (
				CCF1D5051D9578AE00237A96 /* Base */,
			);
			name = Main.storyboard;
			sourceTree = "<group>";
		};
		CCF1D5091D9578AE00237A96 /* LaunchScreen.storyboard */ = {
			isa = PBXVariantGroup;
			children = (
				CCF1D50A1D9578AE00237A96 /* Base */,
			);
			name = LaunchScreen.storyboard;
			sourceTree = "<group>";
		};
/* End PBXVariantGroup section */

/* Begin XCBuildConfiguration section */
		CCF1D50D1D9578AE00237A96 /* Debug */ = {
			isa = XCBuildConfiguration;
			buildSettings = {
				ALWAYS_SEARCH_USER_PATHS = NO;
				CLANG_ANALYZER_NONNULL = YES;
				CLANG_CXX_LANGUAGE_STANDARD = "gnu++0x";
				CLANG_CXX_LIBRARY = "libc++";
				CLANG_ENABLE_MODULES = YES;
				CLANG_ENABLE_OBJC_ARC = YES;
				CLANG_WARN_BOOL_CONVERSION = YES;
				CLANG_WARN_CONSTANT_CONVERSION = YES;
				CLANG_WARN_DIRECT_OBJC_ISA_USAGE = YES_ERROR;
				CLANG_WARN_DOCUMENTATION_COMMENTS = YES;
				CLANG_WARN_EMPTY_BODY = YES;
				CLANG_WARN_ENUM_CONVERSION = YES;
				CLANG_WARN_INFINITE_RECURSION = YES;
				CLANG_WARN_INT_CONVERSION = YES;
				CLANG_WARN_OBJC_ROOT_CLASS = YES_ERROR;
				CLANG_WARN_SUSPICIOUS_MOVES = YES;
				CLANG_WARN_UNREACHABLE_CODE = YES;
				CLANG_WARN__DUPLICATE_METHOD_MATCH = YES;
				"CODE_SIGN_IDENTITY[sdk=iphoneos*]" = "iPhone Developer";
				COPY_PHASE_STRIP = NO;
				DEBUG_INFORMATION_FORMAT = dwarf;
				ENABLE_STRICT_OBJC_MSGSEND = YES;
				ENABLE_TESTABILITY = YES;
				GCC_C_LANGUAGE_STANDARD = gnu99;
				GCC_DYNAMIC_NO_PIC = NO;
				GCC_NO_COMMON_BLOCKS = YES;
				GCC_OPTIMIZATION_LEVEL = 0;
				GCC_PREPROCESSOR_DEFINITIONS = (
					"DEBUG=1",
					"$(inherited)",
				);
				GCC_WARN_64_TO_32_BIT_CONVERSION = YES;
				GCC_WARN_ABOUT_RETURN_TYPE = YES_ERROR;
				GCC_WARN_UNDECLARED_SELECTOR = YES;
				GCC_WARN_UNINITIALIZED_AUTOS = YES_AGGRESSIVE;
				GCC_WARN_UNUSED_FUNCTION = YES;
				GCC_WARN_UNUSED_VARIABLE = YES;
				IPHONEOS_DEPLOYMENT_TARGET = 10.0;
				MTL_ENABLE_DEBUG_INFO = YES;
				ONLY_ACTIVE_ARCH = YES;
				SDKROOT = iphoneos;
				SWIFT_ACTIVE_COMPILATION_CONDITIONS = DEBUG;
				SWIFT_OPTIMIZATION_LEVEL = "-Onone";
				TARGETED_DEVICE_FAMILY = "1,2";
			};
			name = Debug;
		};
		CCF1D50E1D9578AE00237A96 /* Release */ = {
			isa = XCBuildConfiguration;
			buildSettings = {
				ALWAYS_SEARCH_USER_PATHS = NO;
				CLANG_ANALYZER_NONNULL = YES;
				CLANG_CXX_LANGUAGE_STANDARD = "gnu++0x";
				CLANG_CXX_LIBRARY = "libc++";
				CLANG_ENABLE_MODULES = YES;
				CLANG_ENABLE_OBJC_ARC = YES;
				CLANG_WARN_BOOL_CONVERSION = YES;
				CLANG_WARN_CONSTANT_CONVERSION = YES;
				CLANG_WARN_DIRECT_OBJC_ISA_USAGE = YES_ERROR;
				CLANG_WARN_DOCUMENTATION_COMMENTS = YES;
				CLANG_WARN_EMPTY_BODY = YES;
				CLANG_WARN_ENUM_CONVERSION = YES;
				CLANG_WARN_INFINITE_RECURSION = YES;
				CLANG_WARN_INT_CONVERSION = YES;
				CLANG_WARN_OBJC_ROOT_CLASS = YES_ERROR;
				CLANG_WARN_SUSPICIOUS_MOVES = YES;
				CLANG_WARN_UNREACHABLE_CODE = YES;
				CLANG_WARN__DUPLICATE_METHOD_MATCH = YES;
				"CODE_SIGN_IDENTITY[sdk=iphoneos*]" = "iPhone Developer";
				COPY_PHASE_STRIP = NO;
				DEBUG_INFORMATION_FORMAT = "dwarf-with-dsym";
				ENABLE_NS_ASSERTIONS = NO;
				ENABLE_STRICT_OBJC_MSGSEND = YES;
				GCC_C_LANGUAGE_STANDARD = gnu99;
				GCC_NO_COMMON_BLOCKS = YES;
				GCC_WARN_64_TO_32_BIT_CONVERSION = YES;
				GCC_WARN_ABOUT_RETURN_TYPE = YES_ERROR;
				GCC_WARN_UNDECLARED_SELECTOR = YES;
				GCC_WARN_UNINITIALIZED_AUTOS = YES_AGGRESSIVE;
				GCC_WARN_UNUSED_FUNCTION = YES;
				GCC_WARN_UNUSED_VARIABLE = YES;
				IPHONEOS_DEPLOYMENT_TARGET = 10.0;
				MTL_ENABLE_DEBUG_INFO = NO;
				SDKROOT = iphoneos;
				SWIFT_OPTIMIZATION_LEVEL = "-Owholemodule";
				TARGETED_DEVICE_FAMILY = "1,2";
				VALIDATE_PRODUCT = YES;
			};
			name = Release;
		};
		CCF1D5101D9578AE00237A96 /* Debug */ = {
			isa = XCBuildConfiguration;
			buildSettings = {
				ASSETCATALOG_COMPILER_APPICON_NAME = AppIcon;
				INFOPLIST_FILE = AC3.2Unit2MidunitAssessment/Info.plist;
				LD_RUNPATH_SEARCH_PATHS = "$(inherited) @executable_path/Frameworks";
				PRODUCT_BUNDLE_IDENTIFIER = "nyc.c4q.eashirarafat.AC3-2Unit2MidunitAssessment";
				PRODUCT_NAME = "$(TARGET_NAME)";
				SWIFT_VERSION = 3.0;
			};
			name = Debug;
		};
		CCF1D5111D9578AE00237A96 /* Release */ = {
			isa = XCBuildConfiguration;
			buildSettings = {
				ASSETCATALOG_COMPILER_APPICON_NAME = AppIcon;
				INFOPLIST_FILE = AC3.2Unit2MidunitAssessment/Info.plist;
				LD_RUNPATH_SEARCH_PATHS = "$(inherited) @executable_path/Frameworks";
				PRODUCT_BUNDLE_IDENTIFIER = "nyc.c4q.eashirarafat.AC3-2Unit2MidunitAssessment";
				PRODUCT_NAME = "$(TARGET_NAME)";
				SWIFT_VERSION = 3.0;
			};
			name = Release;
		};
/* End XCBuildConfiguration section */

/* Begin XCConfigurationList section */
		CCF1D4F81D9578AE00237A96 /* Build configuration list for PBXProject "AC3.2Unit2MidunitAssessment" */ = {
			isa = XCConfigurationList;
			buildConfigurations = (
				CCF1D50D1D9578AE00237A96 /* Debug */,
				CCF1D50E1D9578AE00237A96 /* Release */,
			);
			defaultConfigurationIsVisible = 0;
			defaultConfigurationName = Release;
		};
		CCF1D50F1D9578AE00237A96 /* Build configuration list for PBXNativeTarget "AC3.2Unit2MidunitAssessment" */ = {
			isa = XCConfigurationList;
			buildConfigurations = (
				CCF1D5101D9578AE00237A96 /* Debug */,
				CCF1D5111D9578AE00237A96 /* Release */,
			);
			defaultConfigurationIsVisible = 0;
		};
/* End XCConfigurationList section */
	};
	rootObject = CCF1D4F51D9578AE00237A96 /* Project object */;
}
