// !$*UTF8*$!
{
	archiveVersion = 1;
	classes = {
	};
	objectVersion = 46;
	objects = {

/* Begin PBXBuildFile section */
		EDF1625D1D9594A600633081 /* AppDelegate.swift in Sources */ = {isa = PBXBuildFile; fileRef = EDF1625C1D9594A600633081 /* AppDelegate.swift */; };
		EDF1625F1D9594A600633081 /* ViewController.swift in Sources */ = {isa = PBXBuildFile; fileRef = EDF1625E1D9594A600633081 /* ViewController.swift */; };
		EDF162621D9594A600633081 /* Main.storyboard in Resources */ = {isa = PBXBuildFile; fileRef = EDF162601D9594A600633081 /* Main.storyboard */; };
		EDF162641D9594A600633081 /* Assets.xcassets in Resources */ = {isa = PBXBuildFile; fileRef = EDF162631D9594A600633081 /* Assets.xcassets */; };
		EDF162671D9594A600633081 /* LaunchScreen.storyboard in Resources */ = {isa = PBXBuildFile; fileRef = EDF162651D9594A600633081 /* LaunchScreen.storyboard */; };
		EDF1626F1D9594E800633081 /* Script.swift in Sources */ = {isa = PBXBuildFile; fileRef = EDF1626E1D9594E800633081 /* Script.swift */; };
/* End PBXBuildFile section */

/* Begin PBXFileReference section */
		EDF162591D9594A600633081 /* AC3.2Unit2MidunitAssessment.app */ = {isa = PBXFileReference; explicitFileType = wrapper.application; includeInIndex = 0; path = AC3.2Unit2MidunitAssessment.app; sourceTree = BUILT_PRODUCTS_DIR; };
		EDF1625C1D9594A600633081 /* AppDelegate.swift */ = {isa = PBXFileReference; lastKnownFileType = sourcecode.swift; path = AppDelegate.swift; sourceTree = "<group>"; };
		EDF1625E1D9594A600633081 /* ViewController.swift */ = {isa = PBXFileReference; lastKnownFileType = sourcecode.swift; path = ViewController.swift; sourceTree = "<group>"; };
		EDF162611D9594A600633081 /* Base */ = {isa = PBXFileReference; lastKnownFileType = file.storyboard; name = Base; path = Base.lproj/Main.storyboard; sourceTree = "<group>"; };
		EDF162631D9594A600633081 /* Assets.xcassets */ = {isa = PBXFileReference; lastKnownFileType = folder.assetcatalog; path = Assets.xcassets; sourceTree = "<group>"; };
		EDF162661D9594A600633081 /* Base */ = {isa = PBXFileReference; lastKnownFileType = file.storyboard; name = Base; path = Base.lproj/LaunchScreen.storyboard; sourceTree = "<group>"; };
		EDF162681D9594A600633081 /* Info.plist */ = {isa = PBXFileReference; lastKnownFileType = text.plist.xml; path = Info.plist; sourceTree = "<group>"; };
		EDF1626E1D9594E800633081 /* Script.swift */ = {isa = PBXFileReference; fileEncoding = 4; lastKnownFileType = sourcecode.swift; path = Script.swift; sourceTree = "<group>"; };
/* End PBXFileReference section */

/* Begin PBXFrameworksBuildPhase section */
		EDF162561D9594A600633081 /* Frameworks */ = {
			isa = PBXFrameworksBuildPhase;
			buildActionMask = 2147483647;
			files = (
			);
			runOnlyForDeploymentPostprocessing = 0;
		};
/* End PBXFrameworksBuildPhase section */

/* Begin PBXGroup section */
		EDF162501D9594A600633081 = {
			isa = PBXGroup;
			children = (
				EDF1625B1D9594A600633081 /* AC3.2Unit2MidunitAssessment */,
				EDF1625A1D9594A600633081 /* Products */,
			);
			sourceTree = "<group>";
		};
		EDF1625A1D9594A600633081 /* Products */ = {
			isa = PBXGroup;
			children = (
				EDF162591D9594A600633081 /* AC3.2Unit2MidunitAssessment.app */,
			);
			name = Products;
			sourceTree = "<group>";
		};
		EDF1625B1D9594A600633081 /* AC3.2Unit2MidunitAssessment */ = {
			isa = PBXGroup;
			children = (
				EDF1625C1D9594A600633081 /* AppDelegate.swift */,
				EDF1626E1D9594E800633081 /* Script.swift */,
				EDF1625E1D9594A600633081 /* ViewController.swift */,
				EDF162601D9594A600633081 /* Main.storyboard */,
				EDF162631D9594A600633081 /* Assets.xcassets */,
				EDF162651D9594A600633081 /* LaunchScreen.storyboard */,
				EDF162681D9594A600633081 /* Info.plist */,
			);
			path = AC3.2Unit2MidunitAssessment;
			sourceTree = "<group>";
		};
/* End PBXGroup section */

/* Begin PBXNativeTarget section */
		EDF162581D9594A600633081 /* AC3.2Unit2MidunitAssessment */ = {
			isa = PBXNativeTarget;
			buildConfigurationList = EDF1626B1D9594A600633081 /* Build configuration list for PBXNativeTarget "AC3.2Unit2MidunitAssessment" */;
			buildPhases = (
				EDF162551D9594A600633081 /* Sources */,
				EDF162561D9594A600633081 /* Frameworks */,
				EDF162571D9594A600633081 /* Resources */,
			);
			buildRules = (
			);
			dependencies = (
			);
			name = AC3.2Unit2MidunitAssessment;
			productName = AC3.2Unit2MidunitAssessment;
			productReference = EDF162591D9594A600633081 /* AC3.2Unit2MidunitAssessment.app */;
			productType = "com.apple.product-type.application";
		};
/* End PBXNativeTarget section */

/* Begin PBXProject section */
		EDF162511D9594A600633081 /* Project object */ = {
			isa = PBXProject;
			attributes = {
				LastSwiftUpdateCheck = 0800;
				LastUpgradeCheck = 0800;
				ORGANIZATIONNAME = "Tong Lin";
				TargetAttributes = {
					EDF162581D9594A600633081 = {
						CreatedOnToolsVersion = 8.0;
						DevelopmentTeam = 7NBTE6SY4Z;
						ProvisioningStyle = Automatic;
					};
				};
			};
			buildConfigurationList = EDF162541D9594A600633081 /* Build configuration list for PBXProject "AC3.2Unit2MidunitAssessment" */;
			compatibilityVersion = "Xcode 3.2";
			developmentRegion = English;
			hasScannedForEncodings = 0;
			knownRegions = (
				en,
				Base,
			);
			mainGroup = EDF162501D9594A600633081;
			productRefGroup = EDF1625A1D9594A600633081 /* Products */;
			projectDirPath = "";
			projectRoot = "";
			targets = (
				EDF162581D9594A600633081 /* AC3.2Unit2MidunitAssessment */,
			);
		};
/* End PBXProject section */

/* Begin PBXResourcesBuildPhase section */
		EDF162571D9594A600633081 /* Resources */ = {
			isa = PBXResourcesBuildPhase;
			buildActionMask = 2147483647;
			files = (
				EDF162671D9594A600633081 /* LaunchScreen.storyboard in Resources */,
				EDF162641D9594A600633081 /* Assets.xcassets in Resources */,
				EDF162621D9594A600633081 /* Main.storyboard in Resources */,
			);
			runOnlyForDeploymentPostprocessing = 0;
		};
/* End PBXResourcesBuildPhase section */

/* Begin PBXSourcesBuildPhase section */
		EDF162551D9594A600633081 /* Sources */ = {
			isa = PBXSourcesBuildPhase;
			buildActionMask = 2147483647;
			files = (
				EDF1625F1D9594A600633081 /* ViewController.swift in Sources */,
				EDF1626F1D9594E800633081 /* Script.swift in Sources */,
				EDF1625D1D9594A600633081 /* AppDelegate.swift in Sources */,
			);
			runOnlyForDeploymentPostprocessing = 0;
		};
/* End PBXSourcesBuildPhase section */

/* Begin PBXVariantGroup section */
		EDF162601D9594A600633081 /* Main.storyboard */ = {
			isa = PBXVariantGroup;
			children = (
				EDF162611D9594A600633081 /* Base */,
			);
			name = Main.storyboard;
			sourceTree = "<group>";
		};
		EDF162651D9594A600633081 /* LaunchScreen.storyboard */ = {
			isa = PBXVariantGroup;
			children = (
				EDF162661D9594A600633081 /* Base */,
			);
			name = LaunchScreen.storyboard;
			sourceTree = "<group>";
		};
/* End PBXVariantGroup section */

/* Begin XCBuildConfiguration section */
		EDF162691D9594A600633081 /* Debug */ = {
			isa = XCBuildConfiguration;
			buildSettings = {
				ALWAYS_SEARCH_USER_PATHS = NO;
				CLANG_ANALYZER_NONNULL = YES;
				CLANG_CXX_LANGUAGE_STANDARD = "gnu++0x";
				CLANG_CXX_LIBRARY = "libc++";
				CLANG_ENABLE_MODULES = YES;
				CLANG_ENABLE_OBJC_ARC = YES;
				CLANG_WARN_BOOL_CONVERSION = YES;
				CLANG_WARN_CONSTANT_CONVERSION = YES;
				CLANG_WARN_DIRECT_OBJC_ISA_USAGE = YES_ERROR;
				CLANG_WARN_DOCUMENTATION_COMMENTS = YES;
				CLANG_WARN_EMPTY_BODY = YES;
				CLANG_WARN_ENUM_CONVERSION = YES;
				CLANG_WARN_INFINITE_RECURSION = YES;
				CLANG_WARN_INT_CONVERSION = YES;
				CLANG_WARN_OBJC_ROOT_CLASS = YES_ERROR;
				CLANG_WARN_SUSPICIOUS_MOVES = YES;
				CLANG_WARN_UNREACHABLE_CODE = YES;
				CLANG_WARN__DUPLICATE_METHOD_MATCH = YES;
				"CODE_SIGN_IDENTITY[sdk=iphoneos*]" = "iPhone Developer";
				COPY_PHASE_STRIP = NO;
				DEBUG_INFORMATION_FORMAT = dwarf;
				ENABLE_STRICT_OBJC_MSGSEND = YES;
				ENABLE_TESTABILITY = YES;
				GCC_C_LANGUAGE_STANDARD = gnu99;
				GCC_DYNAMIC_NO_PIC = NO;
				GCC_NO_COMMON_BLOCKS = YES;
				GCC_OPTIMIZATION_LEVEL = 0;
				GCC_PREPROCESSOR_DEFINITIONS = (
					"DEBUG=1",
					"$(inherited)",
				);
				GCC_WARN_64_TO_32_BIT_CONVERSION = YES;
				GCC_WARN_ABOUT_RETURN_TYPE = YES_ERROR;
				GCC_WARN_UNDECLARED_SELECTOR = YES;
				GCC_WARN_UNINITIALIZED_AUTOS = YES_AGGRESSIVE;
				GCC_WARN_UNUSED_FUNCTION = YES;
				GCC_WARN_UNUSED_VARIABLE = YES;
				IPHONEOS_DEPLOYMENT_TARGET = 10.0;
				MTL_ENABLE_DEBUG_INFO = YES;
				ONLY_ACTIVE_ARCH = YES;
				SDKROOT = iphoneos;
				SWIFT_ACTIVE_COMPILATION_CONDITIONS = DEBUG;
				SWIFT_OPTIMIZATION_LEVEL = "-Onone";
				TARGETED_DEVICE_FAMILY = "1,2";
			};
			name = Debug;
		};
		EDF1626A1D9594A600633081 /* Release */ = {
			isa = XCBuildConfiguration;
			buildSettings = {
				ALWAYS_SEARCH_USER_PATHS = NO;
				CLANG_ANALYZER_NONNULL = YES;
				CLANG_CXX_LANGUAGE_STANDARD = "gnu++0x";
				CLANG_CXX_LIBRARY = "libc++";
				CLANG_ENABLE_MODULES = YES;
				CLANG_ENABLE_OBJC_ARC = YES;
				CLANG_WARN_BOOL_CONVERSION = YES;
				CLANG_WARN_CONSTANT_CONVERSION = YES;
				CLANG_WARN_DIRECT_OBJC_ISA_USAGE = YES_ERROR;
				CLANG_WARN_DOCUMENTATION_COMMENTS = YES;
				CLANG_WARN_EMPTY_BODY = YES;
				CLANG_WARN_ENUM_CONVERSION = YES;
				CLANG_WARN_INFINITE_RECURSION = YES;
				CLANG_WARN_INT_CONVERSION = YES;
				CLANG_WARN_OBJC_ROOT_CLASS = YES_ERROR;
				CLANG_WARN_SUSPICIOUS_MOVES = YES;
				CLANG_WARN_UNREACHABLE_CODE = YES;
				CLANG_WARN__DUPLICATE_METHOD_MATCH = YES;
				"CODE_SIGN_IDENTITY[sdk=iphoneos*]" = "iPhone Developer";
				COPY_PHASE_STRIP = NO;
				DEBUG_INFORMATION_FORMAT = "dwarf-with-dsym";
				ENABLE_NS_ASSERTIONS = NO;
				ENABLE_STRICT_OBJC_MSGSEND = YES;
				GCC_C_LANGUAGE_STANDARD = gnu99;
				GCC_NO_COMMON_BLOCKS = YES;
				GCC_WARN_64_TO_32_BIT_CONVERSION = YES;
				GCC_WARN_ABOUT_RETURN_TYPE = YES_ERROR;
				GCC_WARN_UNDECLARED_SELECTOR = YES;
				GCC_WARN_UNINITIALIZED_AUTOS = YES_AGGRESSIVE;
				GCC_WARN_UNUSED_FUNCTION = YES;
				GCC_WARN_UNUSED_VARIABLE = YES;
				IPHONEOS_DEPLOYMENT_TARGET = 10.0;
				MTL_ENABLE_DEBUG_INFO = NO;
				SDKROOT = iphoneos;
				SWIFT_OPTIMIZATION_LEVEL = "-Owholemodule";
				TARGETED_DEVICE_FAMILY = "1,2";
				VALIDATE_PRODUCT = YES;
			};
			name = Release;
		};
		EDF1626C1D9594A600633081 /* Debug */ = {
			isa = XCBuildConfiguration;
			buildSettings = {
				ASSETCATALOG_COMPILER_APPICON_NAME = AppIcon;
				DEVELOPMENT_TEAM = 7NBTE6SY4Z;
				INFOPLIST_FILE = AC3.2Unit2MidunitAssessment/Info.plist;
				LD_RUNPATH_SEARCH_PATHS = "$(inherited) @executable_path/Frameworks";
				PRODUCT_BUNDLE_IDENTIFIER = "tonglin.t91-gmail.com.AC3-2Unit2MidunitAssessment";
				PRODUCT_NAME = "$(TARGET_NAME)";
				SWIFT_VERSION = 3.0;
			};
			name = Debug;
		};
		EDF1626D1D9594A600633081 /* Release */ = {
			isa = XCBuildConfiguration;
			buildSettings = {
				ASSETCATALOG_COMPILER_APPICON_NAME = AppIcon;
				DEVELOPMENT_TEAM = 7NBTE6SY4Z;
				INFOPLIST_FILE = AC3.2Unit2MidunitAssessment/Info.plist;
				LD_RUNPATH_SEARCH_PATHS = "$(inherited) @executable_path/Frameworks";
				PRODUCT_BUNDLE_IDENTIFIER = "tonglin.t91-gmail.com.AC3-2Unit2MidunitAssessment";
				PRODUCT_NAME = "$(TARGET_NAME)";
				SWIFT_VERSION = 3.0;
			};
			name = Release;
		};
/* End XCBuildConfiguration section */

/* Begin XCConfigurationList section */
		EDF162541D9594A600633081 /* Build configuration list for PBXProject "AC3.2Unit2MidunitAssessment" */ = {
			isa = XCConfigurationList;
			buildConfigurations = (
				EDF162691D9594A600633081 /* Debug */,
				EDF1626A1D9594A600633081 /* Release */,
			);
			defaultConfigurationIsVisible = 0;
			defaultConfigurationName = Release;
		};
		EDF1626B1D9594A600633081 /* Build configuration list for PBXNativeTarget "AC3.2Unit2MidunitAssessment" */ = {
			isa = XCConfigurationList;
			buildConfigurations = (
				EDF1626C1D9594A600633081 /* Debug */,
				EDF1626D1D9594A600633081 /* Release */,
			);
			defaultConfigurationIsVisible = 0;
		};
/* End XCConfigurationList section */
	};
	rootObject = EDF162511D9594A600633081 /* Project object */;
}
